
Microsoft Visual Studio Solution File, Format Version 12.00
# Visual Studio Version 16
VisualStudioVersion = 16.0.28803.352
MinimumVisualStudioVersion = 10.0.40219.1
Project("{FAE04EC0-301F-11D3-BF4B-00C04F79EFBC}") = "Labirent", "Labirent.csproj", "{98594786-783C-4737-905B-EDC6ABCD7A18}"
EndProject
Global
	GlobalSection(SolutionConfigurationPlatforms) = preSolution
		Debug|Any CPU = Debug|Any CPU
		Release|Any CPU = Release|Any CPU
	EndGlobalSection
	GlobalSection(ProjectConfigurationPlatforms) = postSolution
		{98594786-783C-4737-905B-EDC6ABCD7A18}.Debug|Any CPU.ActiveCfg = Debug|Any CPU
		{98594786-783C-4737-905B-EDC6ABCD7A18}.Debug|Any CPU.Build.0 = Debug|Any CPU
		{98594786-783C-4737-905B-EDC6ABCD7A18}.Release|Any CPU.ActiveCfg = Release|Any CPU
		{98594786-783C-4737-905B-EDC6ABCD7A18}.Release|Any CPU.Build.0 = Release|Any CPU
	EndGlobalSection
	GlobalSection(SolutionProperties) = preSolution
		HideSolutionNode = FALSE
	EndGlobalSection
	GlobalSection(ExtensibilityGlobals) = postSolution
		SolutionGuid = {1781F88B-7579-4A41-98AC-1228C19CA98B}
	EndGlobalSection
EndGlobal
